// !$*UTF8*$!
{
	archiveVersion = 1;
	classes = {
	};
	objectVersion = 46;
	objects = {

/* Begin PBXBuildFile section */
		63E73D011BF307AE0027D2E6 /* main.m in Sources */ = {isa = PBXBuildFile; fileRef = 63E73D001BF307AE0027D2E6 /* main.m */; };
		63E73D041BF307AE0027D2E6 /* AppDelegate.m in Sources */ = {isa = PBXBuildFile; fileRef = 63E73D031BF307AE0027D2E6 /* AppDelegate.m */; };
		63E73D071BF307AE0027D2E6 /* ViewController.m in Sources */ = {isa = PBXBuildFile; fileRef = 63E73D061BF307AE0027D2E6 /* ViewController.m */; };
		63E73D0A1BF307AE0027D2E6 /* Main.storyboard in Resources */ = {isa = PBXBuildFile; fileRef = 63E73D081BF307AE0027D2E6 /* Main.storyboard */; };
		63E73D0C1BF307AE0027D2E6 /* Assets.xcassets in Resources */ = {isa = PBXBuildFile; fileRef = 63E73D0B1BF307AE0027D2E6 /* Assets.xcassets */; };
		63E73D0F1BF307AE0027D2E6 /* LaunchScreen.storyboard in Resources */ = {isa = PBXBuildFile; fileRef = 63E73D0D1BF307AE0027D2E6 /* LaunchScreen.storyboard */; };
		63E73D181BF307BE0027D2E6 /* HYQCircleView.m in Sources */ = {isa = PBXBuildFile; fileRef = 63E73D171BF307BE0027D2E6 /* HYQCircleView.m */; };
		63E73D1E1BF30B510027D2E6 /* 1xbVZ8.jpg in Resources */ = {isa = PBXBuildFile; fileRef = 63E73D1D1BF30B510027D2E6 /* 1xbVZ8.jpg */; };
		63E73D231BF3148F0027D2E6 /* HYQRotationGestureRecognizer.m in Sources */ = {isa = PBXBuildFile; fileRef = 63E73D221BF3148F0027D2E6 /* HYQRotationGestureRecognizer.m */; };
		63E73D2B1BF317BA0027D2E6 /* guide_image@2x.png in Resources */ = {isa = PBXBuildFile; fileRef = 63E73D2A1BF317BA0027D2E6 /* guide_image@2x.png */; };
/* End PBXBuildFile section */

/* Begin PBXFileReference section */
		63E73CFC1BF307AE0027D2E6 /* GGRotation.app */ = {isa = PBXFileReference; explicitFileType = wrapper.application; includeInIndex = 0; path = GGRotation.app; sourceTree = BUILT_PRODUCTS_DIR; };
		63E73D001BF307AE0027D2E6 /* main.m */ = {isa = PBXFileReference; lastKnownFileType = sourcecode.c.objc; path = main.m; sourceTree = "<group>"; };
		63E73D021BF307AE0027D2E6 /* AppDelegate.h */ = {isa = PBXFileReference; lastKnownFileType = sourcecode.c.h; path = AppDelegate.h; sourceTree = "<group>"; };
		63E73D031BF307AE0027D2E6 /* AppDelegate.m */ = {isa = PBXFileReference; lastKnownFileType = sourcecode.c.objc; path = AppDelegate.m; sourceTree = "<group>"; };
		63E73D051BF307AE0027D2E6 /* ViewController.h */ = {isa = PBXFileReference; lastKnownFileType = sourcecode.c.h; path = ViewController.h; sourceTree = "<group>"; };
		63E73D061BF307AE0027D2E6 /* ViewController.m */ = {isa = PBXFileReference; lastKnownFileType = sourcecode.c.objc; path = ViewController.m; sourceTree = "<group>"; };
		63E73D091BF307AE0027D2E6 /* Base */ = {isa = PBXFileReference; lastKnownFileType = file.storyboard; name = Base; path = Base.lproj/Main.storyboard; sourceTree = "<group>"; };
		63E73D0B1BF307AE0027D2E6 /* Assets.xcassets */ = {isa = PBXFileReference; lastKnownFileType = folder.assetcatalog; path = Assets.xcassets; sourceTree = "<group>"; };
		63E73D0E1BF307AE0027D2E6 /* Base */ = {isa = PBXFileReference; lastKnownFileType = file.storyboard; name = Base; path = Base.lproj/LaunchScreen.storyboard; sourceTree = "<group>"; };
		63E73D101BF307AE0027D2E6 /* Info.plist */ = {isa = PBXFileReference; lastKnownFileType = text.plist.xml; path = Info.plist; sourceTree = "<group>"; };
		63E73D161BF307BE0027D2E6 /* HYQCircleView.h */ = {isa = PBXFileReference; fileEncoding = 4; lastKnownFileType = sourcecode.c.h; path = HYQCircleView.h; sourceTree = "<group>"; };
		63E73D171BF307BE0027D2E6 /* HYQCircleView.m */ = {isa = PBXFileReference; fileEncoding = 4; lastKnownFileType = sourcecode.c.objc; path = HYQCircleView.m; sourceTree = "<group>"; };
		63E73D1D1BF30B510027D2E6 /* 1xbVZ8.jpg */ = {isa = PBXFileReference; lastKnownFileType = image.jpeg; path = 1xbVZ8.jpg; sourceTree = "<group>"; };
		63E73D211BF3148F0027D2E6 /* HYQRotationGestureRecognizer.h */ = {isa = PBXFileReference; fileEncoding = 4; lastKnownFileType = sourcecode.c.h; path = HYQRotationGestureRecognizer.h; sourceTree = "<group>"; };
		63E73D221BF3148F0027D2E6 /* HYQRotationGestureRecognizer.m */ = {isa = PBXFileReference; fileEncoding = 4; lastKnownFileType = sourcecode.c.objc; path = HYQRotationGestureRecognizer.m; sourceTree = "<group>"; };
		63E73D2A1BF317BA0027D2E6 /* guide_image@2x.png */ = {isa = PBXFileReference; lastKnownFileType = image.png; path = "guide_image@2x.png"; sourceTree = "<group>"; };
/* End PBXFileReference section */

/* Begin PBXFrameworksBuildPhase section */
		63E73CF91BF307AE0027D2E6 /* Frameworks */ = {
			isa = PBXFrameworksBuildPhase;
			buildActionMask = 2147483647;
			files = (
			);
			runOnlyForDeploymentPostprocessing = 0;
		};
/* End PBXFrameworksBuildPhase section */

/* Begin PBXGroup section */
		63E73CF31BF307AE0027D2E6 = {
			isa = PBXGroup;
			children = (
				63E73CFE1BF307AE0027D2E6 /* GGRotation */,
				63E73CFD1BF307AE0027D2E6 /* Products */,
			);
			sourceTree = "<group>";
		};
		63E73CFD1BF307AE0027D2E6 /* Products */ = {
			isa = PBXGroup;
			children = (
				63E73CFC1BF307AE0027D2E6 /* GGRotation.app */,
			);
			name = Products;
			sourceTree = "<group>";
		};
		63E73CFE1BF307AE0027D2E6 /* GGRotation */ = {
			isa = PBXGroup;
			children = (
				63E73D021BF307AE0027D2E6 /* AppDelegate.h */,
				63E73D031BF307AE0027D2E6 /* AppDelegate.m */,
				63E73D051BF307AE0027D2E6 /* ViewController.h */,
				63E73D061BF307AE0027D2E6 /* ViewController.m */,
				63E73D161BF307BE0027D2E6 /* HYQCircleView.h */,
				63E73D171BF307BE0027D2E6 /* HYQCircleView.m */,
				63E73D2A1BF317BA0027D2E6 /* guide_image@2x.png */,
				63E73D1D1BF30B510027D2E6 /* 1xbVZ8.jpg */,
				63E73D081BF307AE0027D2E6 /* Main.storyboard */,
				63E73D0B1BF307AE0027D2E6 /* Assets.xcassets */,
				63E73D0D1BF307AE0027D2E6 /* LaunchScreen.storyboard */,
				63E73D101BF307AE0027D2E6 /* Info.plist */,
				63E73CFF1BF307AE0027D2E6 /* Supporting Files */,
				63E73D211BF3148F0027D2E6 /* HYQRotationGestureRecognizer.h */,
				63E73D221BF3148F0027D2E6 /* HYQRotationGestureRecognizer.m */,
			);
			path = GGRotation;
			sourceTree = "<group>";
		};
		63E73CFF1BF307AE0027D2E6 /* Supporting Files */ = {
			isa = PBXGroup;
			children = (
				63E73D001BF307AE0027D2E6 /* main.m */,
			);
			name = "Supporting Files";
			sourceTree = "<group>";
		};
/* End PBXGroup section */

/* Begin PBXNativeTarget section */
		63E73CFB1BF307AE0027D2E6 /* GGRotation */ = {
			isa = PBXNativeTarget;
			buildConfigurationList = 63E73D131BF307AE0027D2E6 /* Build configuration list for PBXNativeTarget "GGRotation" */;
			buildPhases = (
				63E73CF81BF307AE0027D2E6 /* Sources */,
				63E73CF91BF307AE0027D2E6 /* Frameworks */,
				63E73CFA1BF307AE0027D2E6 /* Resources */,
			);
			buildRules = (
			);
			dependencies = (
			);
			name = GGRotation;
			productName = GGRotation;
			productReference = 63E73CFC1BF307AE0027D2E6 /* GGRotation.app */;
			productType = "com.apple.product-type.application";
		};
/* End PBXNativeTarget section */

/* Begin PBXProject section */
		63E73CF41BF307AE0027D2E6 /* Project object */ = {
			isa = PBXProject;
			attributes = {
				LastUpgradeCheck = 0710;
				ORGANIZATIONNAME = "__无邪_";
				TargetAttributes = {
					63E73CFB1BF307AE0027D2E6 = {
						CreatedOnToolsVersion = 7.1;
					};
				};
			};
			buildConfigurationList = 63E73CF71BF307AE0027D2E6 /* Build configuration list for PBXProject "GGRotation" */;
			compatibilityVersion = "Xcode 3.2";
			developmentRegion = English;
			hasScannedForEncodings = 0;
			knownRegions = (
				en,
				Base,
			);
			mainGroup = 63E73CF31BF307AE0027D2E6;
			productRefGroup = 63E73CFD1BF307AE0027D2E6 /* Products */;
			projectDirPath = "";
			projectRoot = "";
			targets = (
				63E73CFB1BF307AE0027D2E6 /* GGRotation */,
			);
		};
/* End PBXProject section */

/* Begin PBXResourcesBuildPhase section */
		63E73CFA1BF307AE0027D2E6 /* Resources */ = {
			isa = PBXResourcesBuildPhase;
			buildActionMask = 2147483647;
			files = (
				63E73D1E1BF30B510027D2E6 /* 1xbVZ8.jpg in Resources */,
				63E73D0F1BF307AE0027D2E6 /* LaunchScreen.storyboard in Resources */,
				63E73D2B1BF317BA0027D2E6 /* guide_image@2x.png in Resources */,
				63E73D0C1BF307AE0027D2E6 /* Assets.xcassets in Resources */,
				63E73D0A1BF307AE0027D2E6 /* Main.storyboard in Resources */,
			);
			runOnlyForDeploymentPostprocessing = 0;
		};
/* End PBXResourcesBuildPhase section */

/* Begin PBXSourcesBuildPhase section */
		63E73CF81BF307AE0027D2E6 /* Sources */ = {
			isa = PBXSourcesBuildPhase;
			buildActionMask = 2147483647;
			files = (
				63E73D071BF307AE0027D2E6 /* ViewController.m in Sources */,
				63E73D181BF307BE0027D2E6 /* HYQCircleView.m in Sources */,
				63E73D231BF3148F0027D2E6 /* HYQRotationGestureRecognizer.m in Sources */,
				63E73D041BF307AE0027D2E6 /* AppDelegate.m in Sources */,
				63E73D011BF307AE0027D2E6 /* main.m in Sources */,
			);
			runOnlyForDeploymentPostprocessing = 0;
		};
/* End PBXSourcesBuildPhase section */

/* Begin PBXVariantGroup section */
		63E73D081BF307AE0027D2E6 /* Main.storyboard */ = {
			isa = PBXVariantGroup;
			children = (
				63E73D091BF307AE0027D2E6 /* Base */,
			);
			name = Main.storyboard;
			sourceTree = "<group>";
		};
		63E73D0D1BF307AE0027D2E6 /* LaunchScreen.storyboard */ = {
			isa = PBXVariantGroup;
			children = (
				63E73D0E1BF307AE0027D2E6 /* Base */,
			);
			name = LaunchScreen.storyboard;
			sourceTree = "<group>";
		};
/* End PBXVariantGroup section */

/* Begin XCBuildConfiguration section */
		63E73D111BF307AE0027D2E6 /* Debug */ = {
			isa = XCBuildConfiguration;
			buildSettings = {
				ALWAYS_SEARCH_USER_PATHS = NO;
				CLANG_CXX_LANGUAGE_STANDARD = "gnu++0x";
				CLANG_CXX_LIBRARY = "libc++";
				CLANG_ENABLE_MODULES = YES;
				CLANG_ENABLE_OBJC_ARC = YES;
				CLANG_WARN_BOOL_CONVERSION = YES;
				CLANG_WARN_CONSTANT_CONVERSION = YES;
				CLANG_WARN_DIRECT_OBJC_ISA_USAGE = YES_ERROR;
				CLANG_WARN_EMPTY_BODY = YES;
				CLANG_WARN_ENUM_CONVERSION = YES;
				CLANG_WARN_INT_CONVERSION = YES;
				CLANG_WARN_OBJC_ROOT_CLASS = YES_ERROR;
				CLANG_WARN_UNREACHABLE_CODE = YES;
				CLANG_WARN__DUPLICATE_METHOD_MATCH = YES;
				"CODE_SIGN_IDENTITY[sdk=iphoneos*]" = "iPhone Developer";
				COPY_PHASE_STRIP = NO;
				DEBUG_INFORMATION_FORMAT = dwarf;
				ENABLE_STRICT_OBJC_MSGSEND = YES;
				ENABLE_TESTABILITY = YES;
				GCC_C_LANGUAGE_STANDARD = gnu99;
				GCC_DYNAMIC_NO_PIC = NO;
				GCC_NO_COMMON_BLOCKS = YES;
				GCC_OPTIMIZATION_LEVEL = 0;
				GCC_PREPROCESSOR_DEFINITIONS = (
					"DEBUG=1",
					"$(inherited)",
				);
				GCC_WARN_64_TO_32_BIT_CONVERSION = YES;
				GCC_WARN_ABOUT_RETURN_TYPE = YES_ERROR;
				GCC_WARN_UNDECLARED_SELECTOR = YES;
				GCC_WARN_UNINITIALIZED_AUTOS = YES_AGGRESSIVE;
				GCC_WARN_UNUSED_FUNCTION = YES;
				GCC_WARN_UNUSED_VARIABLE = YES;
				IPHONEOS_DEPLOYMENT_TARGET = 9.1;
				MTL_ENABLE_DEBUG_INFO = YES;
				ONLY_ACTIVE_ARCH = YES;
				SDKROOT = iphoneos;
				TARGETED_DEVICE_FAMILY = "1,2";
			};
			name = Debug;
		};
		63E73D121BF307AE0027D2E6 /* Release */ = {
			isa = XCBuildConfiguration;
			buildSettings = {
				ALWAYS_SEARCH_USER_PATHS = NO;
				CLANG_CXX_LANGUAGE_STANDARD = "gnu++0x";
				CLANG_CXX_LIBRARY = "libc++";
				CLANG_ENABLE_MODULES = YES;
				CLANG_ENABLE_OBJC_ARC = YES;
				CLANG_WARN_BOOL_CONVERSION = YES;
				CLANG_WARN_CONSTANT_CONVERSION = YES;
				CLANG_WARN_DIRECT_OBJC_ISA_USAGE = YES_ERROR;
				CLANG_WARN_EMPTY_BODY = YES;
				CLANG_WARN_ENUM_CONVERSION = YES;
				CLANG_WARN_INT_CONVERSION = YES;
				CLANG_WARN_OBJC_ROOT_CLASS = YES_ERROR;
				CLANG_WARN_UNREACHABLE_CODE = YES;
				CLANG_WARN__DUPLICATE_METHOD_MATCH = YES;
				"CODE_SIGN_IDENTITY[sdk=iphoneos*]" = "iPhone Developer";
				COPY_PHASE_STRIP = NO;
				DEBUG_INFORMATION_FORMAT = "dwarf-with-dsym";
				ENABLE_NS_ASSERTIONS = NO;
				ENABLE_STRICT_OBJC_MSGSEND = YES;
				GCC_C_LANGUAGE_STANDARD = gnu99;
				GCC_NO_COMMON_BLOCKS = YES;
				GCC_WARN_64_TO_32_BIT_CONVERSION = YES;
				GCC_WARN_ABOUT_RETURN_TYPE = YES_ERROR;
				GCC_WARN_UNDECLARED_SELECTOR = YES;
				GCC_WARN_UNINITIALIZED_AUTOS = YES_AGGRESSIVE;
				GCC_WARN_UNUSED_FUNCTION = YES;
				GCC_WARN_UNUSED_VARIABLE = YES;
				IPHONEOS_DEPLOYMENT_TARGET = 9.1;
				MTL_ENABLE_DEBUG_INFO = NO;
				SDKROOT = iphoneos;
				TARGETED_DEVICE_FAMILY = "1,2";
				VALIDATE_PRODUCT = YES;
			};
			name = Release;
		};
		63E73D141BF307AE0027D2E6 /* Debug */ = {
			isa = XCBuildConfiguration;
			buildSettings = {
				ASSETCATALOG_COMPILER_APPICON_NAME = AppIcon;
				INFOPLIST_FILE = GGRotation/Info.plist;
				IPHONEOS_DEPLOYMENT_TARGET = 8.0;
				LD_RUNPATH_SEARCH_PATHS = "$(inherited) @executable_path/Frameworks";
				PRODUCT_BUNDLE_IDENTIFIER = com.hotyq.HotYQ;
				PRODUCT_NAME = "$(TARGET_NAME)";
			};
			name = Debug;
		};
		63E73D151BF307AE0027D2E6 /* Release */ = {
			isa = XCBuildConfiguration;
			buildSettings = {
				ASSETCATALOG_COMPILER_APPICON_NAME = AppIcon;
				INFOPLIST_FILE = GGRotation/Info.plist;
				IPHONEOS_DEPLOYMENT_TARGET = 8.0;
				LD_RUNPATH_SEARCH_PATHS = "$(inherited) @executable_path/Frameworks";
				PRODUCT_BUNDLE_IDENTIFIER = com.hotyq.HotYQ;
				PRODUCT_NAME = "$(TARGET_NAME)";
			};
			name = Release;
		};
/* End XCBuildConfiguration section */

/* Begin XCConfigurationList section */
		63E73CF71BF307AE0027D2E6 /* Build configuration list for PBXProject "GGRotation" */ = {
			isa = XCConfigurationList;
			buildConfigurations = (
				63E73D111BF307AE0027D2E6 /* Debug */,
				63E73D121BF307AE0027D2E6 /* Release */,
			);
			defaultConfigurationIsVisible = 0;
			defaultConfigurationName = Release;
		};
		63E73D131BF307AE0027D2E6 /* Build configuration list for PBXNativeTarget "GGRotation" */ = {
			isa = XCConfigurationList;
			buildConfigurations = (
				63E73D141BF307AE0027D2E6 /* Debug */,
				63E73D151BF307AE0027D2E6 /* Release */,
			);
			defaultConfigurationIsVisible = 0;
		};
/* End XCConfigurationList section */
	};
	rootObject = 63E73CF41BF307AE0027D2E6 /* Project object */;
}
